
Microsoft Visual Studio Solution File, Format Version 12.00
# Visual Studio 15
VisualStudioVersion = 15.0.28307.705
MinimumVisualStudioVersion = 10.0.40219.1
Project("{F184B08F-C81C-45F6-A57F-5ABD9991F28F}") = "MovieCatalogueWebApi", "Web\MovieCatalogueWebApi\MovieCatalogueWebApi.vbproj", "{540B13E6-B646-419F-9BB0-F7B680E5550D}"
EndProject
Project("{2150E333-8FDC-42A3-9474-1A3956D46DE8}") = "Data", "Data", "{001F9458-AA15-4633-8A49-2D7F0D4C0A8E}"
EndProject
Project("{FAE04EC0-301F-11D3-BF4B-00C04F79EFBC}") = "MovieCatalogueApp.Data", "Data\MovieCatalogueApp.Data\MovieCatalogueApp.Data.csproj", "{0117EA1B-D35D-4C64-AB70-B8507C9E4C0C}"
EndProject
Project("{FAE04EC0-301F-11D3-BF4B-00C04F79EFBC}") = "MovieCatalogueApp.Models", "Data\MovieCatalogueApp.Models\MovieCatalogueApp.Models.csproj", "{40512546-8226-45D3-A270-599C255A8CE7}"
EndProject
Global
	GlobalSection(SolutionConfigurationPlatforms) = preSolution
		Debug|Any CPU = Debug|Any CPU
		Release|Any CPU = Release|Any CPU
	EndGlobalSection
	GlobalSection(ProjectConfigurationPlatforms) = postSolution
		{540B13E6-B646-419F-9BB0-F7B680E5550D}.Debug|Any CPU.ActiveCfg = Debug|Any CPU
		{540B13E6-B646-419F-9BB0-F7B680E5550D}.Debug|Any CPU.Build.0 = Debug|Any CPU
		{540B13E6-B646-419F-9BB0-F7B680E5550D}.Release|Any CPU.ActiveCfg = Release|Any CPU
		{540B13E6-B646-419F-9BB0-F7B680E5550D}.Release|Any CPU.Build.0 = Release|Any CPU
		{0117EA1B-D35D-4C64-AB70-B8507C9E4C0C}.Debug|Any CPU.ActiveCfg = Debug|Any CPU
		{0117EA1B-D35D-4C64-AB70-B8507C9E4C0C}.Debug|Any CPU.Build.0 = Debug|Any CPU
		{0117EA1B-D35D-4C64-AB70-B8507C9E4C0C}.Release|Any CPU.ActiveCfg = Release|Any CPU
		{0117EA1B-D35D-4C64-AB70-B8507C9E4C0C}.Release|Any CPU.Build.0 = Release|Any CPU
		{40512546-8226-45D3-A270-599C255A8CE7}.Debug|Any CPU.ActiveCfg = Debug|Any CPU
		{40512546-8226-45D3-A270-599C255A8CE7}.Debug|Any CPU.Build.0 = Debug|Any CPU
		{40512546-8226-45D3-A270-599C255A8CE7}.Release|Any CPU.ActiveCfg = Release|Any CPU
		{40512546-8226-45D3-A270-599C255A8CE7}.Release|Any CPU.Build.0 = Release|Any CPU
	EndGlobalSection
	GlobalSection(SolutionProperties) = preSolution
		HideSolutionNode = FALSE
	EndGlobalSection
	GlobalSection(NestedProjects) = preSolution
		{0117EA1B-D35D-4C64-AB70-B8507C9E4C0C} = {001F9458-AA15-4633-8A49-2D7F0D4C0A8E}
		{40512546-8226-45D3-A270-599C255A8CE7} = {001F9458-AA15-4633-8A49-2D7F0D4C0A8E}
	EndGlobalSection
	GlobalSection(ExtensibilityGlobals) = postSolution
		SolutionGuid = {50BE0BBF-E619-4098-BDD7-B5CC71B4562A}
	EndGlobalSection
EndGlobal
